
Microsoft Visual Studio Solution File, Format Version 12.00
# Visual Studio Version 17
VisualStudioVersion = 17.0.32126.317
MinimumVisualStudioVersion = 10.0.40219.1
Project("{FAE04EC0-301F-11D3-BF4B-00C04F79EFBC}") = "Checkmarx.API.Codebashing", ".\Checkmarx.API.Codebashing\Checkmarx.API.Codebashing.csproj", "{83D6ADB1-31C7-4357-A77E-5BEFDFFDFFAF}"
EndProject
Project("{FAE04EC0-301F-11D3-BF4B-00C04F79EFBC}") = "Checkmarx.API.Codebashing.Tests", ".\Checkmarx.API.Codebashing.Tests\Checkmarx.API.Codebashing.Tests.csproj", "{4141B9E2-9140-4E44-A4F1-303D2613BDC4}"
EndProject
Global
	GlobalSection(SolutionConfigurationPlatforms) = preSolution
		Debug|Any CPU = Debug|Any CPU
		Release|Any CPU = Release|Any CPU
	EndGlobalSection
	GlobalSection(ProjectConfigurationPlatforms) = postSolution
		{83D6ADB1-31C7-4357-A77E-5BEFDFFDFFAF}.Debug|Any CPU.ActiveCfg = Debug|Any CPU
		{83D6ADB1-31C7-4357-A77E-5BEFDFFDFFAF}.Debug|Any CPU.Build.0 = Debug|Any CPU
		{83D6ADB1-31C7-4357-A77E-5BEFDFFDFFAF}.Release|Any CPU.ActiveCfg = Release|Any CPU
		{83D6ADB1-31C7-4357-A77E-5BEFDFFDFFAF}.Release|Any CPU.Build.0 = Release|Any CPU
		{4141B9E2-9140-4E44-A4F1-303D2613BDC4}.Debug|Any CPU.ActiveCfg = Debug|Any CPU
		{4141B9E2-9140-4E44-A4F1-303D2613BDC4}.Debug|Any CPU.Build.0 = Debug|Any CPU
		{4141B9E2-9140-4E44-A4F1-303D2613BDC4}.Release|Any CPU.ActiveCfg = Release|Any CPU
		{4141B9E2-9140-4E44-A4F1-303D2613BDC4}.Release|Any CPU.Build.0 = Release|Any CPU
	EndGlobalSection
	GlobalSection(SolutionProperties) = preSolution
		HideSolutionNode = FALSE
	EndGlobalSection
	GlobalSection(ExtensibilityGlobals) = postSolution
		SolutionGuid = {5142E00D-C553-41FE-92D4-3B2FC44FC40B}
	EndGlobalSection
EndGlobal
